
Microsoft Visual Studio Solution File, Format Version 12.00
# Visual Studio Version 16
VisualStudioVersion = 16.0.29609.76
MinimumVisualStudioVersion = 10.0.40219.1
Project("{FAE04EC0-301F-11D3-BF4B-00C04F79EFBC}") = "AGLPetLister", "AGLPetLister\AGLPetLister.csproj", "{5D922D7B-9865-41F5-BB9D-7E480A84C6FA}"
EndProject
Project("{FAE04EC0-301F-11D3-BF4B-00C04F79EFBC}") = "AGLPetLister.Test", "AGLPetLister.Test\AGLPetLister.Test.csproj", "{C2BBE560-DA72-4FD4-A65F-E4EA3CF13C5A}"
EndProject
Global
	GlobalSection(SolutionConfigurationPlatforms) = preSolution
		Debug|Any CPU = Debug|Any CPU
		Release|Any CPU = Release|Any CPU
	EndGlobalSection
	GlobalSection(ProjectConfigurationPlatforms) = postSolution
		{5D922D7B-9865-41F5-BB9D-7E480A84C6FA}.Debug|Any CPU.ActiveCfg = Debug|Any CPU
		{5D922D7B-9865-41F5-BB9D-7E480A84C6FA}.Debug|Any CPU.Build.0 = Debug|Any CPU
		{5D922D7B-9865-41F5-BB9D-7E480A84C6FA}.Release|Any CPU.ActiveCfg = Release|Any CPU
		{5D922D7B-9865-41F5-BB9D-7E480A84C6FA}.Release|Any CPU.Build.0 = Release|Any CPU
		{C2BBE560-DA72-4FD4-A65F-E4EA3CF13C5A}.Debug|Any CPU.ActiveCfg = Debug|Any CPU
		{C2BBE560-DA72-4FD4-A65F-E4EA3CF13C5A}.Debug|Any CPU.Build.0 = Debug|Any CPU
		{C2BBE560-DA72-4FD4-A65F-E4EA3CF13C5A}.Release|Any CPU.ActiveCfg = Release|Any CPU
		{C2BBE560-DA72-4FD4-A65F-E4EA3CF13C5A}.Release|Any CPU.Build.0 = Release|Any CPU
	EndGlobalSection
	GlobalSection(SolutionProperties) = preSolution
		HideSolutionNode = FALSE
	EndGlobalSection
	GlobalSection(ExtensibilityGlobals) = postSolution
		SolutionGuid = {2F08393E-802C-4990-8277-7D6486F0D2D5}
	EndGlobalSection
EndGlobal
